
Microsoft Visual Studio Solution File, Format Version 12.00
# Visual Studio 15
VisualStudioVersion = 15.0.28307.329
MinimumVisualStudioVersion = 10.0.40219.1
Project("{FAE04EC0-301F-11D3-BF4B-00C04F79EFBC}") = "Task4", "Task4\Task4.csproj", "{C557D1B6-C8A7-4425-84C2-0628C21DA919}"
EndProject
Global
	GlobalSection(SolutionConfigurationPlatforms) = preSolution
		Debug|Any CPU = Debug|Any CPU
		Release|Any CPU = Release|Any CPU
	EndGlobalSection
	GlobalSection(ProjectConfigurationPlatforms) = postSolution
		{C557D1B6-C8A7-4425-84C2-0628C21DA919}.Debug|Any CPU.ActiveCfg = Debug|Any CPU
		{C557D1B6-C8A7-4425-84C2-0628C21DA919}.Debug|Any CPU.Build.0 = Debug|Any CPU
		{C557D1B6-C8A7-4425-84C2-0628C21DA919}.Release|Any CPU.ActiveCfg = Release|Any CPU
		{C557D1B6-C8A7-4425-84C2-0628C21DA919}.Release|Any CPU.Build.0 = Release|Any CPU
	EndGlobalSection
	GlobalSection(SolutionProperties) = preSolution
		HideSolutionNode = FALSE
	EndGlobalSection
	GlobalSection(ExtensibilityGlobals) = postSolution
		SolutionGuid = {2715D985-95FD-4CEA-813B-B7777CCEDEE9}
	EndGlobalSection
EndGlobal
