
Microsoft Visual Studio Solution File, Format Version 12.00
# Visual Studio 15
VisualStudioVersion = 15.0.28307.168
MinimumVisualStudioVersion = 10.0.40219.1
Project("{FAE04EC0-301F-11D3-BF4B-00C04F79EFBC}") = "Task2", "Task2\Task2.csproj", "{A21A769B-0C61-4CF5-BA7D-FC621DEACD69}"
EndProject
Global
	GlobalSection(SolutionConfigurationPlatforms) = preSolution
		Debug|Any CPU = Debug|Any CPU
		Release|Any CPU = Release|Any CPU
	EndGlobalSection
	GlobalSection(ProjectConfigurationPlatforms) = postSolution
		{A21A769B-0C61-4CF5-BA7D-FC621DEACD69}.Debug|Any CPU.ActiveCfg = Debug|Any CPU
		{A21A769B-0C61-4CF5-BA7D-FC621DEACD69}.Debug|Any CPU.Build.0 = Debug|Any CPU
		{A21A769B-0C61-4CF5-BA7D-FC621DEACD69}.Release|Any CPU.ActiveCfg = Release|Any CPU
		{A21A769B-0C61-4CF5-BA7D-FC621DEACD69}.Release|Any CPU.Build.0 = Release|Any CPU
	EndGlobalSection
	GlobalSection(SolutionProperties) = preSolution
		HideSolutionNode = FALSE
	EndGlobalSection
	GlobalSection(ExtensibilityGlobals) = postSolution
		SolutionGuid = {FF0838DA-4027-4526-B49F-52C1C046ED08}
	EndGlobalSection
EndGlobal
